
Microsoft Visual Studio Solution File, Format Version 12.00
# Visual Studio 2013
VisualStudioVersion = 12.0.31101.0
MinimumVisualStudioVersion = 10.0.40219.1
Project("{FAE04EC0-301F-11D3-BF4B-00C04F79EFBC}") = "CVChatbot.Bot", "CVChatbot.Bot\CVChatbot.Bot.csproj", "{A28BE12F-BE83-4313-B55F-C8706FD1AAC2}"
EndProject
Project("{FAE04EC0-301F-11D3-BF4B-00C04F79EFBC}") = "TCL.Extensions", "..\TheCommonLibrary\TCL.Extensions\TCL.Extensions.csproj", "{135F21BF-E010-4793-9FA0-52B0D3493E59}"
EndProject
Project("{FAE04EC0-301F-11D3-BF4B-00C04F79EFBC}") = "TCL.DataAccess", "..\TheCommonLibrary\TCL.DataAccess\TCL.DataAccess.csproj", "{56FA7EDD-9AB6-49E5-B012-9EA756101DE0}"
EndProject
Project("{FAE04EC0-301F-11D3-BF4B-00C04F79EFBC}") = "SOCVR.Net", "..\SOCVR.Net\SOCVR.Net\SOCVR.Net.csproj", "{B96F1BFF-C14B-44AD-AAD5-09CBC0417C44}"
EndProject
Project("{FAE04EC0-301F-11D3-BF4B-00C04F79EFBC}") = "ChatExchange.Net", "..\ChatExchange.Net\ChatExchange.Net\ChatExchange.Net.csproj", "{145AF77F-B475-40E4-8B85-CE3393BCD906}"
EndProject
Project("{FAE04EC0-301F-11D3-BF4B-00C04F79EFBC}") = "CVChatbot.Console", "CVChatbot.Console\CVChatbot.Console.csproj", "{E9523CB8-D234-4C34-BDE1-7E11B5066986}"
EndProject
Global
	GlobalSection(SolutionConfigurationPlatforms) = preSolution
		Debug|Any CPU = Debug|Any CPU
		LocalPublish|Any CPU = LocalPublish|Any CPU
		Release|Any CPU = Release|Any CPU
	EndGlobalSection
	GlobalSection(ProjectConfigurationPlatforms) = postSolution
		{A28BE12F-BE83-4313-B55F-C8706FD1AAC2}.Debug|Any CPU.ActiveCfg = Debug|Any CPU
		{A28BE12F-BE83-4313-B55F-C8706FD1AAC2}.Debug|Any CPU.Build.0 = Debug|Any CPU
		{A28BE12F-BE83-4313-B55F-C8706FD1AAC2}.LocalPublish|Any CPU.ActiveCfg = Release|Any CPU
		{A28BE12F-BE83-4313-B55F-C8706FD1AAC2}.LocalPublish|Any CPU.Build.0 = Release|Any CPU
		{A28BE12F-BE83-4313-B55F-C8706FD1AAC2}.Release|Any CPU.ActiveCfg = Release|Any CPU
		{A28BE12F-BE83-4313-B55F-C8706FD1AAC2}.Release|Any CPU.Build.0 = Release|Any CPU
		{135F21BF-E010-4793-9FA0-52B0D3493E59}.Debug|Any CPU.ActiveCfg = Debug|Any CPU
		{135F21BF-E010-4793-9FA0-52B0D3493E59}.Debug|Any CPU.Build.0 = Debug|Any CPU
		{135F21BF-E010-4793-9FA0-52B0D3493E59}.LocalPublish|Any CPU.ActiveCfg = Release|Any CPU
		{135F21BF-E010-4793-9FA0-52B0D3493E59}.LocalPublish|Any CPU.Build.0 = Release|Any CPU
		{135F21BF-E010-4793-9FA0-52B0D3493E59}.Release|Any CPU.ActiveCfg = Release|Any CPU
		{135F21BF-E010-4793-9FA0-52B0D3493E59}.Release|Any CPU.Build.0 = Release|Any CPU
		{56FA7EDD-9AB6-49E5-B012-9EA756101DE0}.Debug|Any CPU.ActiveCfg = Debug|Any CPU
		{56FA7EDD-9AB6-49E5-B012-9EA756101DE0}.Debug|Any CPU.Build.0 = Debug|Any CPU
		{56FA7EDD-9AB6-49E5-B012-9EA756101DE0}.LocalPublish|Any CPU.ActiveCfg = Release|Any CPU
		{56FA7EDD-9AB6-49E5-B012-9EA756101DE0}.LocalPublish|Any CPU.Build.0 = Release|Any CPU
		{56FA7EDD-9AB6-49E5-B012-9EA756101DE0}.Release|Any CPU.ActiveCfg = Release|Any CPU
		{56FA7EDD-9AB6-49E5-B012-9EA756101DE0}.Release|Any CPU.Build.0 = Release|Any CPU
		{B96F1BFF-C14B-44AD-AAD5-09CBC0417C44}.Debug|Any CPU.ActiveCfg = Debug|Any CPU
		{B96F1BFF-C14B-44AD-AAD5-09CBC0417C44}.Debug|Any CPU.Build.0 = Debug|Any CPU
		{B96F1BFF-C14B-44AD-AAD5-09CBC0417C44}.LocalPublish|Any CPU.ActiveCfg = Release|Any CPU
		{B96F1BFF-C14B-44AD-AAD5-09CBC0417C44}.LocalPublish|Any CPU.Build.0 = Release|Any CPU
		{B96F1BFF-C14B-44AD-AAD5-09CBC0417C44}.Release|Any CPU.ActiveCfg = Release|Any CPU
		{B96F1BFF-C14B-44AD-AAD5-09CBC0417C44}.Release|Any CPU.Build.0 = Release|Any CPU
		{145AF77F-B475-40E4-8B85-CE3393BCD906}.Debug|Any CPU.ActiveCfg = Debug|Any CPU
		{145AF77F-B475-40E4-8B85-CE3393BCD906}.Debug|Any CPU.Build.0 = Debug|Any CPU
		{145AF77F-B475-40E4-8B85-CE3393BCD906}.LocalPublish|Any CPU.ActiveCfg = Release|Any CPU
		{145AF77F-B475-40E4-8B85-CE3393BCD906}.LocalPublish|Any CPU.Build.0 = Release|Any CPU
		{145AF77F-B475-40E4-8B85-CE3393BCD906}.Release|Any CPU.ActiveCfg = Release|Any CPU
		{145AF77F-B475-40E4-8B85-CE3393BCD906}.Release|Any CPU.Build.0 = Release|Any CPU
		{E9523CB8-D234-4C34-BDE1-7E11B5066986}.Debug|Any CPU.ActiveCfg = Debug|Any CPU
		{E9523CB8-D234-4C34-BDE1-7E11B5066986}.Debug|Any CPU.Build.0 = Debug|Any CPU
		{E9523CB8-D234-4C34-BDE1-7E11B5066986}.LocalPublish|Any CPU.ActiveCfg = Release|Any CPU
		{E9523CB8-D234-4C34-BDE1-7E11B5066986}.LocalPublish|Any CPU.Build.0 = Release|Any CPU
		{E9523CB8-D234-4C34-BDE1-7E11B5066986}.Release|Any CPU.ActiveCfg = Release|Any CPU
		{E9523CB8-D234-4C34-BDE1-7E11B5066986}.Release|Any CPU.Build.0 = Release|Any CPU
	EndGlobalSection
	GlobalSection(SolutionProperties) = preSolution
		HideSolutionNode = FALSE
	EndGlobalSection
EndGlobal
