
Microsoft Visual Studio Solution File, Format Version 12.00
# Visual Studio 14
VisualStudioVersion = 14.0.24720.0
MinimumVisualStudioVersion = 10.0.40219.1
Project("{FAE04EC0-301F-11D3-BF4B-00C04F79EFBC}") = "SOCVR.Chatbot", "SOCVR.Chatbot\SOCVR.Chatbot.csproj", "{5C489262-135E-42BE-91EA-7DB1C38C1BC0}"
EndProject
Project("{FAE04EC0-301F-11D3-BF4B-00C04F79EFBC}") = "SOCVR.Chatbot.Tests", "SOCVR.Chatbot.Tests\SOCVR.Chatbot.Tests.csproj", "{DC3C1484-8CBD-43D7-8B8E-F4BD160A1307}"
EndProject
Global
	GlobalSection(SolutionConfigurationPlatforms) = preSolution
		Debug_Postgres|Any CPU = Debug_Postgres|Any CPU
		Debug|Any CPU = Debug|Any CPU
		LocalPublish|Any CPU = LocalPublish|Any CPU
		Release_Postgres|Any CPU = Release_Postgres|Any CPU
		Release|Any CPU = Release|Any CPU
	EndGlobalSection
	GlobalSection(ProjectConfigurationPlatforms) = postSolution
		{5C489262-135E-42BE-91EA-7DB1C38C1BC0}.Debug_Postgres|Any CPU.ActiveCfg = Debug|Any CPU
		{5C489262-135E-42BE-91EA-7DB1C38C1BC0}.Debug_Postgres|Any CPU.Build.0 = Debug|Any CPU
		{5C489262-135E-42BE-91EA-7DB1C38C1BC0}.Debug|Any CPU.ActiveCfg = Debug|Any CPU
		{5C489262-135E-42BE-91EA-7DB1C38C1BC0}.Debug|Any CPU.Build.0 = Debug|Any CPU
		{5C489262-135E-42BE-91EA-7DB1C38C1BC0}.LocalPublish|Any CPU.ActiveCfg = Release|Any CPU
		{5C489262-135E-42BE-91EA-7DB1C38C1BC0}.LocalPublish|Any CPU.Build.0 = Release|Any CPU
		{5C489262-135E-42BE-91EA-7DB1C38C1BC0}.Release_Postgres|Any CPU.ActiveCfg = Release|Any CPU
		{5C489262-135E-42BE-91EA-7DB1C38C1BC0}.Release_Postgres|Any CPU.Build.0 = Release|Any CPU
		{5C489262-135E-42BE-91EA-7DB1C38C1BC0}.Release|Any CPU.ActiveCfg = Release|Any CPU
		{5C489262-135E-42BE-91EA-7DB1C38C1BC0}.Release|Any CPU.Build.0 = Release|Any CPU
		{DC3C1484-8CBD-43D7-8B8E-F4BD160A1307}.Debug_Postgres|Any CPU.ActiveCfg = Debug|Any CPU
		{DC3C1484-8CBD-43D7-8B8E-F4BD160A1307}.Debug_Postgres|Any CPU.Build.0 = Debug|Any CPU
		{DC3C1484-8CBD-43D7-8B8E-F4BD160A1307}.Debug|Any CPU.ActiveCfg = Debug|Any CPU
		{DC3C1484-8CBD-43D7-8B8E-F4BD160A1307}.Debug|Any CPU.Build.0 = Debug|Any CPU
		{DC3C1484-8CBD-43D7-8B8E-F4BD160A1307}.LocalPublish|Any CPU.ActiveCfg = Release|Any CPU
		{DC3C1484-8CBD-43D7-8B8E-F4BD160A1307}.LocalPublish|Any CPU.Build.0 = Release|Any CPU
		{DC3C1484-8CBD-43D7-8B8E-F4BD160A1307}.Release_Postgres|Any CPU.ActiveCfg = Release|Any CPU
		{DC3C1484-8CBD-43D7-8B8E-F4BD160A1307}.Release_Postgres|Any CPU.Build.0 = Release|Any CPU
		{DC3C1484-8CBD-43D7-8B8E-F4BD160A1307}.Release|Any CPU.ActiveCfg = Release|Any CPU
		{DC3C1484-8CBD-43D7-8B8E-F4BD160A1307}.Release|Any CPU.Build.0 = Release|Any CPU
	EndGlobalSection
	GlobalSection(SolutionProperties) = preSolution
		HideSolutionNode = FALSE
	EndGlobalSection
EndGlobal
